{
  "nodes": {
    "disko": {
      "inputs": {
        "nixpkgs": [
          "nixpkgs"
        ]
      },
      "locked": {
        "lastModified": 1722821805,
        "narHash": "sha256-FGrUPUD+LMDwJsYyNSxNIzFMldtCm8wXiQuyL2PHSrM=",
        "owner": "nix-community",
        "repo": "disko",
        "rev": "0257e44f4ad472b54f19a6dd1615aee7fa48ed49",
        "type": "github"
      },
      "original": {
        "owner": "nix-community",
        "repo": "disko",
        "type": "github"
      }
    },
    "nixpkgs": {
      "locked": {
        "lastModified": 1722651103,
        "narHash": "sha256-IRiJA0NVAoyaZeKZluwfb2DoTpBAj+FLI0KfybBeDU0=",
        "owner": "NixOS",
        "repo": "nixpkgs",
        "rev": "a633d89c6dc9a2a8aae11813a62d7c58b2c0cc51",
        "type": "github"
      },
      "original": {
        "id": "nixpkgs",
        "ref": "nixos-24.05",
        "type": "indirect"
      }
    },
    "root": {
      "inputs": {
        "disko": "disko",
        "nixpkgs": "nixpkgs"
      }
    }
  },
  "root": "root",
  "version": 7
}
