{
  "nodes": {
    "disko": {
      "inputs": {
        "nixpkgs": [
          "nixpkgs"
        ]
      },
      "locked": {
        "lastModified": 1724163524,
        "narHash": "sha256-3A06DYw47oSLYMalkWDLzTMHC0MKgm1mNfaca9sqUnI=",
        "owner": "nix-community",
        "repo": "disko",
        "rev": "c7b14da22e302e0f9d7aa4df26b61016bcedf738",
        "type": "github"
      },
      "original": {
        "owner": "nix-community",
        "repo": "disko",
        "type": "github"
      }
    },
    "nixpkgs": {
      "locked": {
        "lastModified": 1724098845,
        "narHash": "sha256-D5HwjQw/02fuXbR4LCTo64koglP2j99hkDR79/3yLOE=",
        "owner": "NixOS",
        "repo": "nixpkgs",
        "rev": "f1bad50880bae73ff2d82fafc22010b4fc097a9c",
        "type": "github"
      },
      "original": {
        "id": "nixpkgs",
        "ref": "nixos-24.05",
        "type": "indirect"
      }
    },
    "root": {
      "inputs": {
        "disko": "disko",
        "nixpkgs": "nixpkgs"
      }
    }
  },
  "root": "root",
  "version": 7
}
